// !$*UTF8*$!
{
	archiveVersion = 1;
	classes = {
	};
	objectVersion = 60;
	objects = {

/* Begin PBXBuildFile section */
		9304902B2A5FA913007103F5 /* ZoomInModifier.swift in Sources */ = {isa = PBXBuildFile; fileRef = 9304902A2A5FA913007103F5 /* ZoomInModifier.swift */; };
		9304902D2A5FA91E007103F5 /* ZOffsetModifier.swift in Sources */ = {isa = PBXBuildFile; fileRef = 9304902C2A5FA91E007103F5 /* ZOffsetModifier.swift */; };
		9304902F2A5FAC28007103F5 /* GlassEffectForXrOS.swift in Sources */ = {isa = PBXBuildFile; fileRef = 9304902E2A5FAC28007103F5 /* GlassEffectForXrOS.swift */; };
		931817742A8BB3D70043E73A /* AnimationDemo.swift in Sources */ = {isa = PBXBuildFile; fileRef = 931817732A8BB3D70043E73A /* AnimationDemo.swift */; };
		9335CA962A8B57AA00EE7F21 /* Entity+Move.swift in Sources */ = {isa = PBXBuildFile; fileRef = 9335CA952A8B57AA00EE7F21 /* Entity+Move.swift */; };
		937D08DE2A4A504300A155BD /* VisionOSPracticeApp.swift in Sources */ = {isa = PBXBuildFile; fileRef = 937D08DD2A4A504300A155BD /* VisionOSPracticeApp.swift */; };
		937D08E02A4A504300A155BD /* ContentView.swift in Sources */ = {isa = PBXBuildFile; fileRef = 937D08DF2A4A504300A155BD /* ContentView.swift */; };
		937D08E42A4A504300A155BD /* ImageBasedLight.exr in Resources */ = {isa = PBXBuildFile; fileRef = 937D08E32A4A504300A155BD /* ImageBasedLight.exr */; };
		937D08E62A4A504400A155BD /* Assets.xcassets in Resources */ = {isa = PBXBuildFile; fileRef = 937D08E52A4A504400A155BD /* Assets.xcassets */; };
		937D08E92A4A504400A155BD /* Preview Assets.xcassets in Resources */ = {isa = PBXBuildFile; fileRef = 937D08E82A4A504400A155BD /* Preview Assets.xcassets */; };
		937D08F42A4A504400A155BD /* VisionOSPracticeTests.swift in Sources */ = {isa = PBXBuildFile; fileRef = 937D08F32A4A504400A155BD /* VisionOSPracticeTests.swift */; };
		93806CF02A8BA51B005BDFFE /* AttachmentDemo.swift in Sources */ = {isa = PBXBuildFile; fileRef = 93806CEF2A8BA51B005BDFFE /* AttachmentDemo.swift */; };
		939FD3FF2A640B8500F5F78F /* XrOSBackground.swift in Sources */ = {isa = PBXBuildFile; fileRef = 939FD3FE2A640B8500F5F78F /* XrOSBackground.swift */; };
		93CD493B2A88A35C00DFF412 /* ToolsView.swift in Sources */ = {isa = PBXBuildFile; fileRef = 93CD49392A88A35C00DFF412 /* ToolsView.swift */; };
		93CD493C2A88A35C00DFF412 /* WindowBasedDemo.swift in Sources */ = {isa = PBXBuildFile; fileRef = 93CD493A2A88A35C00DFF412 /* WindowBasedDemo.swift */; };
		93CD493E2A89D27B00DFF412 /* Model3DAndRealityViewDemo.swift in Sources */ = {isa = PBXBuildFile; fileRef = 93CD493D2A89D27B00DFF412 /* Model3DAndRealityViewDemo.swift */; };
		93CD49692A8A04AA00DFF412 /* RealityKitContent in Frameworks */ = {isa = PBXBuildFile; productRef = 93CD49682A8A04AA00DFF412 /* RealityKitContent */; };
		93E7AFE42A8A984400DABEE5 /* InteractWithEntityDemo.swift in Sources */ = {isa = PBXBuildFile; fileRef = 93E7AFE32A8A984400DABEE5 /* InteractWithEntityDemo.swift */; };
/* End PBXBuildFile section */

/* Begin PBXContainerItemProxy section */
		937D08F02A4A504400A155BD /* PBXContainerItemProxy */ = {
			isa = PBXContainerItemProxy;
			containerPortal = 937D08CE2A4A504300A155BD /* Project object */;
			proxyType = 1;
			remoteGlobalIDString = 937D08D52A4A504300A155BD;
			remoteInfo = VisionOSPractice;
		};
/* End PBXContainerItemProxy section */

/* Begin PBXFileReference section */
		9304902A2A5FA913007103F5 /* ZoomInModifier.swift */ = {isa = PBXFileReference; lastKnownFileType = sourcecode.swift; path = ZoomInModifier.swift; sourceTree = "<group>"; };
		9304902C2A5FA91E007103F5 /* ZOffsetModifier.swift */ = {isa = PBXFileReference; lastKnownFileType = sourcecode.swift; path = ZOffsetModifier.swift; sourceTree = "<group>"; };
		9304902E2A5FAC28007103F5 /* GlassEffectForXrOS.swift */ = {isa = PBXFileReference; lastKnownFileType = sourcecode.swift; path = GlassEffectForXrOS.swift; sourceTree = "<group>"; };
		931817732A8BB3D70043E73A /* AnimationDemo.swift */ = {isa = PBXFileReference; lastKnownFileType = sourcecode.swift; path = AnimationDemo.swift; sourceTree = "<group>"; };
		9335CA952A8B57AA00EE7F21 /* Entity+Move.swift */ = {isa = PBXFileReference; fileEncoding = 4; lastKnownFileType = sourcecode.swift; name = "Entity+Move.swift"; path = "../../../../../Sample Code/Topics/VisionOS/Apple/HelloWorld/World/Entities/Entity+Move.swift"; sourceTree = "<group>"; };
		937D08D62A4A504300A155BD /* VisionOSPractice.app */ = {isa = PBXFileReference; explicitFileType = wrapper.application; includeInIndex = 0; path = VisionOSPractice.app; sourceTree = BUILT_PRODUCTS_DIR; };
		937D08DD2A4A504300A155BD /* VisionOSPracticeApp.swift */ = {isa = PBXFileReference; lastKnownFileType = sourcecode.swift; path = VisionOSPracticeApp.swift; sourceTree = "<group>"; };
		937D08DF2A4A504300A155BD /* ContentView.swift */ = {isa = PBXFileReference; lastKnownFileType = sourcecode.swift; path = ContentView.swift; sourceTree = "<group>"; };
		937D08E32A4A504300A155BD /* ImageBasedLight.exr */ = {isa = PBXFileReference; lastKnownFileType = file; path = ImageBasedLight.exr; sourceTree = "<group>"; };
		937D08E52A4A504400A155BD /* Assets.xcassets */ = {isa = PBXFileReference; lastKnownFileType = folder.assetcatalog; path = Assets.xcassets; sourceTree = "<group>"; };
		937D08E82A4A504400A155BD /* Preview Assets.xcassets */ = {isa = PBXFileReference; lastKnownFileType = folder.assetcatalog; path = "Preview Assets.xcassets"; sourceTree = "<group>"; };
		937D08EA2A4A504400A155BD /* Info.plist */ = {isa = PBXFileReference; lastKnownFileType = text.plist.xml; path = Info.plist; sourceTree = "<group>"; };
		937D08EF2A4A504400A155BD /* VisionOSPracticeTests.xctest */ = {isa = PBXFileReference; explicitFileType = wrapper.cfbundle; includeInIndex = 0; path = VisionOSPracticeTests.xctest; sourceTree = BUILT_PRODUCTS_DIR; };
		937D08F32A4A504400A155BD /* VisionOSPracticeTests.swift */ = {isa = PBXFileReference; lastKnownFileType = sourcecode.swift; path = VisionOSPracticeTests.swift; sourceTree = "<group>"; };
		93806CEF2A8BA51B005BDFFE /* AttachmentDemo.swift */ = {isa = PBXFileReference; lastKnownFileType = sourcecode.swift; path = AttachmentDemo.swift; sourceTree = "<group>"; };
		939FD3FE2A640B8500F5F78F /* XrOSBackground.swift */ = {isa = PBXFileReference; fileEncoding = 4; lastKnownFileType = sourcecode.swift; path = XrOSBackground.swift; sourceTree = "<group>"; };
		93CD49392A88A35C00DFF412 /* ToolsView.swift */ = {isa = PBXFileReference; fileEncoding = 4; lastKnownFileType = sourcecode.swift; path = ToolsView.swift; sourceTree = "<group>"; };
		93CD493A2A88A35C00DFF412 /* WindowBasedDemo.swift */ = {isa = PBXFileReference; fileEncoding = 4; lastKnownFileType = sourcecode.swift; path = WindowBasedDemo.swift; sourceTree = "<group>"; };
		93CD493D2A89D27B00DFF412 /* Model3DAndRealityViewDemo.swift */ = {isa = PBXFileReference; lastKnownFileType = sourcecode.swift; path = Model3DAndRealityViewDemo.swift; sourceTree = "<group>"; };
		93CD49662A89E32800DFF412 /* RealityKitContent */ = {isa = PBXFileReference; lastKnownFileType = wrapper; path = RealityKitContent; sourceTree = "<group>"; };
		93E7AFE32A8A984400DABEE5 /* InteractWithEntityDemo.swift */ = {isa = PBXFileReference; lastKnownFileType = sourcecode.swift; path = InteractWithEntityDemo.swift; sourceTree = "<group>"; };
/* End PBXFileReference section */

/* Begin PBXFrameworksBuildPhase section */
		937D08D32A4A504300A155BD /* Frameworks */ = {
			isa = PBXFrameworksBuildPhase;
			buildActionMask = 2147483647;
			files = (
				93CD49692A8A04AA00DFF412 /* RealityKitContent in Frameworks */,
			);
			runOnlyForDeploymentPostprocessing = 0;
		};
		937D08EC2A4A504400A155BD /* Frameworks */ = {
			isa = PBXFrameworksBuildPhase;
			buildActionMask = 2147483647;
			files = (
			);
			runOnlyForDeploymentPostprocessing = 0;
		};
/* End PBXFrameworksBuildPhase section */

/* Begin PBXGroup section */
		930490292A5FA904007103F5 /* Modifier */ = {
			isa = PBXGroup;
			children = (
				939FD3FE2A640B8500F5F78F /* XrOSBackground.swift */,
				9304902A2A5FA913007103F5 /* ZoomInModifier.swift */,
				9304902C2A5FA91E007103F5 /* ZOffsetModifier.swift */,
				9304902E2A5FAC28007103F5 /* GlassEffectForXrOS.swift */,
			);
			path = Modifier;
			sourceTree = "<group>";
		};
		9315EFD32A4BB1440031D898 /* UIs */ = {
			isa = PBXGroup;
			children = (
				935ADEE52A889DBA005D6543 /* Demonstrations based on Windows */,
				93806CEE2A8BA0C1005BDFFE /* Demonstrations related to 3D Models */,
				930490292A5FA904007103F5 /* Modifier */,
			);
			path = UIs;
			sourceTree = "<group>";
		};
		9315F0322A4BB1950031D898 /* Resources */ = {
			isa = PBXGroup;
			children = (
				937D08E32A4A504300A155BD /* ImageBasedLight.exr */,
				937D08E52A4A504400A155BD /* Assets.xcassets */,
			);
			path = Resources;
			sourceTree = "<group>";
		};
		9335CA942A8B579D00EE7F21 /* Extensions */ = {
			isa = PBXGroup;
			children = (
				9335CA952A8B57AA00EE7F21 /* Entity+Move.swift */,
			);
			path = Extensions;
			sourceTree = "<group>";
		};
		935ADEE52A889DBA005D6543 /* Demonstrations based on Windows */ = {
			isa = PBXGroup;
			children = (
				93CD49392A88A35C00DFF412 /* ToolsView.swift */,
				93CD493A2A88A35C00DFF412 /* WindowBasedDemo.swift */,
			);
			path = "Demonstrations based on Windows";
			sourceTree = "<group>";
		};
		937D08CD2A4A504300A155BD = {
			isa = PBXGroup;
			children = (
				937D08D82A4A504300A155BD /* VisionOSPractice */,
				937D08D92A4A504300A155BD /* Packages */,
				937D08F22A4A504400A155BD /* VisionOSPracticeTests */,
				937D08D72A4A504300A155BD /* Products */,
				93CD49382A88A30200DFF412 /* Recovered References */,
			);
			sourceTree = "<group>";
		};
		937D08D72A4A504300A155BD /* Products */ = {
			isa = PBXGroup;
			children = (
				937D08D62A4A504300A155BD /* VisionOSPractice.app */,
				937D08EF2A4A504400A155BD /* VisionOSPracticeTests.xctest */,
			);
			name = Products;
			sourceTree = "<group>";
		};
		937D08D82A4A504300A155BD /* VisionOSPractice */ = {
			isa = PBXGroup;
			children = (
				937D08DD2A4A504300A155BD /* VisionOSPracticeApp.swift */,
				937D08DF2A4A504300A155BD /* ContentView.swift */,
				9315EFD32A4BB1440031D898 /* UIs */,
				9335CA942A8B579D00EE7F21 /* Extensions */,
				9315F0322A4BB1950031D898 /* Resources */,
				937D08EA2A4A504400A155BD /* Info.plist */,
				937D08E72A4A504400A155BD /* Preview Content */,
			);
			path = VisionOSPractice;
			sourceTree = "<group>";
		};
		937D08D92A4A504300A155BD /* Packages */ = {
			isa = PBXGroup;
			children = (
				93CD49662A89E32800DFF412 /* RealityKitContent */,
			);
			path = Packages;
			sourceTree = "<group>";
		};
		937D08E72A4A504400A155BD /* Preview Content */ = {
			isa = PBXGroup;
			children = (
				937D08E82A4A504400A155BD /* Preview Assets.xcassets */,
			);
			path = "Preview Content";
			sourceTree = "<group>";
		};
		937D08F22A4A504400A155BD /* VisionOSPracticeTests */ = {
			isa = PBXGroup;
			children = (
				937D08F32A4A504400A155BD /* VisionOSPracticeTests.swift */,
			);
			path = VisionOSPracticeTests;
			sourceTree = "<group>";
		};
		93806CEE2A8BA0C1005BDFFE /* Demonstrations related to 3D Models */ = {
			isa = PBXGroup;
			children = (
				93CD493D2A89D27B00DFF412 /* Model3DAndRealityViewDemo.swift */,
				93E7AFE32A8A984400DABEE5 /* InteractWithEntityDemo.swift */,
				93806CEF2A8BA51B005BDFFE /* AttachmentDemo.swift */,
				931817732A8BB3D70043E73A /* AnimationDemo.swift */,
			);
			path = "Demonstrations related to 3D Models";
			sourceTree = "<group>";
		};
		93CD49382A88A30200DFF412 /* Recovered References */ = {
			isa = PBXGroup;
			children = (
			);
			name = "Recovered References";
			sourceTree = "<group>";
		};
/* End PBXGroup section */

/* Begin PBXNativeTarget section */
		937D08D52A4A504300A155BD /* VisionOSPractice */ = {
			isa = PBXNativeTarget;
			buildConfigurationList = 937D08F72A4A504400A155BD /* Build configuration list for PBXNativeTarget "VisionOSPractice" */;
			buildPhases = (
				937D08D22A4A504300A155BD /* Sources */,
				937D08D32A4A504300A155BD /* Frameworks */,
				937D08D42A4A504300A155BD /* Resources */,
			);
			buildRules = (
			);
			dependencies = (
			);
			name = VisionOSPractice;
			packageProductDependencies = (
				93CD49682A8A04AA00DFF412 /* RealityKitContent */,
			);
			productName = VisionOSPractice;
			productReference = 937D08D62A4A504300A155BD /* VisionOSPractice.app */;
			productType = "com.apple.product-type.application";
		};
		937D08EE2A4A504400A155BD /* VisionOSPracticeTests */ = {
			isa = PBXNativeTarget;
			buildConfigurationList = 937D08FA2A4A504400A155BD /* Build configuration list for PBXNativeTarget "VisionOSPracticeTests" */;
			buildPhases = (
				937D08EB2A4A504400A155BD /* Sources */,
				937D08EC2A4A504400A155BD /* Frameworks */,
				937D08ED2A4A504400A155BD /* Resources */,
			);
			buildRules = (
			);
			dependencies = (
				937D08F12A4A504400A155BD /* PBXTargetDependency */,
			);
			name = VisionOSPracticeTests;
			productName = VisionOSPracticeTests;
			productReference = 937D08EF2A4A504400A155BD /* VisionOSPracticeTests.xctest */;
			productType = "com.apple.product-type.bundle.unit-test";
		};
/* End PBXNativeTarget section */

/* Begin PBXProject section */
		937D08CE2A4A504300A155BD /* Project object */ = {
			isa = PBXProject;
			attributes = {
				BuildIndependentTargetsInParallel = 1;
				LastSwiftUpdateCheck = 1500;
				LastUpgradeCheck = 1500;
				TargetAttributes = {
					937D08D52A4A504300A155BD = {
						CreatedOnToolsVersion = 15.0;
					};
					937D08EE2A4A504400A155BD = {
						CreatedOnToolsVersion = 15.0;
						TestTargetID = 937D08D52A4A504300A155BD;
					};
				};
			};
			buildConfigurationList = 937D08D12A4A504300A155BD /* Build configuration list for PBXProject "VisionOSPractice" */;
			compatibilityVersion = "Xcode 14.0";
			developmentRegion = en;
			hasScannedForEncodings = 0;
			knownRegions = (
				en,
				Base,
				ja,
				"zh-Hant",
			);
			mainGroup = 937D08CD2A4A504300A155BD;
			packageReferences = (
				93CD49672A8A04AA00DFF412 /* XCLocalSwiftPackageReference "Packages/RealityKitContent" */,
			);
			productRefGroup = 937D08D72A4A504300A155BD /* Products */;
			projectDirPath = "";
			projectRoot = "";
			targets = (
				937D08D52A4A504300A155BD /* VisionOSPractice */,
				937D08EE2A4A504400A155BD /* VisionOSPracticeTests */,
			);
		};
/* End PBXProject section */

/* Begin PBXResourcesBuildPhase section */
		937D08D42A4A504300A155BD /* Resources */ = {
			isa = PBXResourcesBuildPhase;
			buildActionMask = 2147483647;
			files = (
				937D08E62A4A504400A155BD /* Assets.xcassets in Resources */,
				937D08E92A4A504400A155BD /* Preview Assets.xcassets in Resources */,
				937D08E42A4A504300A155BD /* ImageBasedLight.exr in Resources */,
			);
			runOnlyForDeploymentPostprocessing = 0;
		};
		937D08ED2A4A504400A155BD /* Resources */ = {
			isa = PBXResourcesBuildPhase;
			buildActionMask = 2147483647;
			files = (
			);
			runOnlyForDeploymentPostprocessing = 0;
		};
/* End PBXResourcesBuildPhase section */

/* Begin PBXSourcesBuildPhase section */
		937D08D22A4A504300A155BD /* Sources */ = {
			isa = PBXSourcesBuildPhase;
			buildActionMask = 2147483647;
			files = (
				931817742A8BB3D70043E73A /* AnimationDemo.swift in Sources */,
				9304902D2A5FA91E007103F5 /* ZOffsetModifier.swift in Sources */,
				9335CA962A8B57AA00EE7F21 /* Entity+Move.swift in Sources */,
				9304902F2A5FAC28007103F5 /* GlassEffectForXrOS.swift in Sources */,
				93CD493E2A89D27B00DFF412 /* Model3DAndRealityViewDemo.swift in Sources */,
				937D08E02A4A504300A155BD /* ContentView.swift in Sources */,
				937D08DE2A4A504300A155BD /* VisionOSPracticeApp.swift in Sources */,
				93E7AFE42A8A984400DABEE5 /* InteractWithEntityDemo.swift in Sources */,
				9304902B2A5FA913007103F5 /* ZoomInModifier.swift in Sources */,
				939FD3FF2A640B8500F5F78F /* XrOSBackground.swift in Sources */,
				93806CF02A8BA51B005BDFFE /* AttachmentDemo.swift in Sources */,
				93CD493C2A88A35C00DFF412 /* WindowBasedDemo.swift in Sources */,
				93CD493B2A88A35C00DFF412 /* ToolsView.swift in Sources */,
			);
			runOnlyForDeploymentPostprocessing = 0;
		};
		937D08EB2A4A504400A155BD /* Sources */ = {
			isa = PBXSourcesBuildPhase;
			buildActionMask = 2147483647;
			files = (
				937D08F42A4A504400A155BD /* VisionOSPracticeTests.swift in Sources */,
			);
			runOnlyForDeploymentPostprocessing = 0;
		};
/* End PBXSourcesBuildPhase section */

/* Begin PBXTargetDependency section */
		937D08F12A4A504400A155BD /* PBXTargetDependency */ = {
			isa = PBXTargetDependency;
			target = 937D08D52A4A504300A155BD /* VisionOSPractice */;
			targetProxy = 937D08F02A4A504400A155BD /* PBXContainerItemProxy */;
		};
/* End PBXTargetDependency section */

/* Begin XCBuildConfiguration section */
		937D08F52A4A504400A155BD /* Debug */ = {
			isa = XCBuildConfiguration;
			buildSettings = {
				ALWAYS_SEARCH_USER_PATHS = NO;
				ASSETCATALOG_COMPILER_GENERATE_SWIFT_ASSET_SYMBOL_EXTENSIONS = YES;
				CLANG_ANALYZER_NONNULL = YES;
				CLANG_ANALYZER_NUMBER_OBJECT_CONVERSION = YES_AGGRESSIVE;
				CLANG_CXX_LANGUAGE_STANDARD = "gnu++20";
				CLANG_ENABLE_MODULES = YES;
				CLANG_ENABLE_OBJC_ARC = YES;
				CLANG_ENABLE_OBJC_WEAK = YES;
				CLANG_WARN_BLOCK_CAPTURE_AUTORELEASING = YES;
				CLANG_WARN_BOOL_CONVERSION = YES;
				CLANG_WARN_COMMA = YES;
				CLANG_WARN_CONSTANT_CONVERSION = YES;
				CLANG_WARN_DEPRECATED_OBJC_IMPLEMENTATIONS = YES;
				CLANG_WARN_DIRECT_OBJC_ISA_USAGE = YES_ERROR;
				CLANG_WARN_DOCUMENTATION_COMMENTS = YES;
				CLANG_WARN_EMPTY_BODY = YES;
				CLANG_WARN_ENUM_CONVERSION = YES;
				CLANG_WARN_INFINITE_RECURSION = YES;
				CLANG_WARN_INT_CONVERSION = YES;
				CLANG_WARN_NON_LITERAL_NULL_CONVERSION = YES;
				CLANG_WARN_OBJC_IMPLICIT_RETAIN_SELF = YES;
				CLANG_WARN_OBJC_LITERAL_CONVERSION = YES;
				CLANG_WARN_OBJC_ROOT_CLASS = YES_ERROR;
				CLANG_WARN_QUOTED_INCLUDE_IN_FRAMEWORK_HEADER = YES;
				CLANG_WARN_RANGE_LOOP_ANALYSIS = YES;
				CLANG_WARN_STRICT_PROTOTYPES = YES;
				CLANG_WARN_SUSPICIOUS_MOVE = YES;
				CLANG_WARN_UNGUARDED_AVAILABILITY = YES_AGGRESSIVE;
				CLANG_WARN_UNREACHABLE_CODE = YES;
				CLANG_WARN__DUPLICATE_METHOD_MATCH = YES;
				COPY_PHASE_STRIP = NO;
				DEBUG_INFORMATION_FORMAT = dwarf;
				ENABLE_STRICT_OBJC_MSGSEND = YES;
				ENABLE_TESTABILITY = YES;
				ENABLE_USER_SCRIPT_SANDBOXING = YES;
				GCC_C_LANGUAGE_STANDARD = gnu17;
				GCC_DYNAMIC_NO_PIC = NO;
				GCC_NO_COMMON_BLOCKS = YES;
				GCC_OPTIMIZATION_LEVEL = 0;
				GCC_PREPROCESSOR_DEFINITIONS = (
					"DEBUG=1",
					"$(inherited)",
				);
				GCC_WARN_64_TO_32_BIT_CONVERSION = YES;
				GCC_WARN_ABOUT_RETURN_TYPE = YES_ERROR;
				GCC_WARN_UNDECLARED_SELECTOR = YES;
				GCC_WARN_UNINITIALIZED_AUTOS = YES_AGGRESSIVE;
				GCC_WARN_UNUSED_FUNCTION = YES;
				GCC_WARN_UNUSED_VARIABLE = YES;
				LOCALIZATION_PREFERS_STRING_CATALOGS = YES;
				MTL_ENABLE_DEBUG_INFO = INCLUDE_SOURCE;
				MTL_FAST_MATH = YES;
				ONLY_ACTIVE_ARCH = YES;
				SDKROOT = xros;
				SWIFT_ACTIVE_COMPILATION_CONDITIONS = "DEBUG $(inherited)";
				SWIFT_OPTIMIZATION_LEVEL = "-Onone";
				XROS_DEPLOYMENT_TARGET = 1.0;
			};
			name = Debug;
		};
		937D08F62A4A504400A155BD /* Release */ = {
			isa = XCBuildConfiguration;
			buildSettings = {
				ALWAYS_SEARCH_USER_PATHS = NO;
				ASSETCATALOG_COMPILER_GENERATE_SWIFT_ASSET_SYMBOL_EXTENSIONS = YES;
				CLANG_ANALYZER_NONNULL = YES;
				CLANG_ANALYZER_NUMBER_OBJECT_CONVERSION = YES_AGGRESSIVE;
				CLANG_CXX_LANGUAGE_STANDARD = "gnu++20";
				CLANG_ENABLE_MODULES = YES;
				CLANG_ENABLE_OBJC_ARC = YES;
				CLANG_ENABLE_OBJC_WEAK = YES;
				CLANG_WARN_BLOCK_CAPTURE_AUTORELEASING = YES;
				CLANG_WARN_BOOL_CONVERSION = YES;
				CLANG_WARN_COMMA = YES;
				CLANG_WARN_CONSTANT_CONVERSION = YES;
				CLANG_WARN_DEPRECATED_OBJC_IMPLEMENTATIONS = YES;
				CLANG_WARN_DIRECT_OBJC_ISA_USAGE = YES_ERROR;
				CLANG_WARN_DOCUMENTATION_COMMENTS = YES;
				CLANG_WARN_EMPTY_BODY = YES;
				CLANG_WARN_ENUM_CONVERSION = YES;
				CLANG_WARN_INFINITE_RECURSION = YES;
				CLANG_WARN_INT_CONVERSION = YES;
				CLANG_WARN_NON_LITERAL_NULL_CONVERSION = YES;
				CLANG_WARN_OBJC_IMPLICIT_RETAIN_SELF = YES;
				CLANG_WARN_OBJC_LITERAL_CONVERSION = YES;
				CLANG_WARN_OBJC_ROOT_CLASS = YES_ERROR;
				CLANG_WARN_QUOTED_INCLUDE_IN_FRAMEWORK_HEADER = YES;
				CLANG_WARN_RANGE_LOOP_ANALYSIS = YES;
				CLANG_WARN_STRICT_PROTOTYPES = YES;
				CLANG_WARN_SUSPICIOUS_MOVE = YES;
				CLANG_WARN_UNGUARDED_AVAILABILITY = YES_AGGRESSIVE;
				CLANG_WARN_UNREACHABLE_CODE = YES;
				CLANG_WARN__DUPLICATE_METHOD_MATCH = YES;
				COPY_PHASE_STRIP = NO;
				DEBUG_INFORMATION_FORMAT = "dwarf-with-dsym";
				ENABLE_NS_ASSERTIONS = NO;
				ENABLE_STRICT_OBJC_MSGSEND = YES;
				ENABLE_USER_SCRIPT_SANDBOXING = YES;
				GCC_C_LANGUAGE_STANDARD = gnu17;
				GCC_NO_COMMON_BLOCKS = YES;
				GCC_WARN_64_TO_32_BIT_CONVERSION = YES;
				GCC_WARN_ABOUT_RETURN_TYPE = YES_ERROR;
				GCC_WARN_UNDECLARED_SELECTOR = YES;
				GCC_WARN_UNINITIALIZED_AUTOS = YES_AGGRESSIVE;
				GCC_WARN_UNUSED_FUNCTION = YES;
				GCC_WARN_UNUSED_VARIABLE = YES;
				LOCALIZATION_PREFERS_STRING_CATALOGS = YES;
				MTL_ENABLE_DEBUG_INFO = NO;
				MTL_FAST_MATH = YES;
				SDKROOT = xros;
				SWIFT_COMPILATION_MODE = wholemodule;
				VALIDATE_PRODUCT = YES;
				XROS_DEPLOYMENT_TARGET = 1.0;
			};
			name = Release;
		};
		937D08F82A4A504400A155BD /* Debug */ = {
			isa = XCBuildConfiguration;
			buildSettings = {
				CODE_SIGN_STYLE = Automatic;
				CURRENT_PROJECT_VERSION = 1;
				DEVELOPMENT_ASSET_PATHS = "\"VisionOSPractice/Preview Content\"";
				DEVELOPMENT_TEAM = 7Y4TPNE48W;
				ENABLE_PREVIEWS = YES;
				GENERATE_INFOPLIST_FILE = YES;
				INFOPLIST_FILE = VisionOSPractice/Info.plist;
				INFOPLIST_KEY_UIApplicationSceneManifest_Generation = YES;
				LD_RUNPATH_SEARCH_PATHS = (
					"$(inherited)",
					"@executable_path/Frameworks",
				);
				MARKETING_VERSION = 1.0;
				PRODUCT_BUNDLE_IDENTIFIER = "com.iOS-Taipei.VisionOSPractice";
				PRODUCT_NAME = "$(TARGET_NAME)";
				SUPPORTED_PLATFORMS = "iphoneos iphonesimulator xros xrsimulator";
				SUPPORTS_MACCATALYST = NO;
				SUPPORTS_MAC_DESIGNED_FOR_IPHONE_IPAD = NO;
				SUPPORTS_XR_DESIGNED_FOR_IPHONE_IPAD = NO;
				SWIFT_EMIT_LOC_STRINGS = YES;
				SWIFT_VERSION = 5.0;
				TARGETED_DEVICE_FAMILY = "1,2,7";
			};
			name = Debug;
		};
		937D08F92A4A504400A155BD /* Release */ = {
			isa = XCBuildConfiguration;
			buildSettings = {
				CODE_SIGN_STYLE = Automatic;
				CURRENT_PROJECT_VERSION = 1;
				DEVELOPMENT_ASSET_PATHS = "\"VisionOSPractice/Preview Content\"";
				DEVELOPMENT_TEAM = 7Y4TPNE48W;
				ENABLE_PREVIEWS = YES;
				GENERATE_INFOPLIST_FILE = YES;
				INFOPLIST_FILE = VisionOSPractice/Info.plist;
				INFOPLIST_KEY_UIApplicationSceneManifest_Generation = YES;
				LD_RUNPATH_SEARCH_PATHS = (
					"$(inherited)",
					"@executable_path/Frameworks",
				);
				MARKETING_VERSION = 1.0;
				PRODUCT_BUNDLE_IDENTIFIER = "com.iOS-Taipei.VisionOSPractice";
				PRODUCT_NAME = "$(TARGET_NAME)";
				SUPPORTED_PLATFORMS = "iphoneos iphonesimulator xros xrsimulator";
				SUPPORTS_MACCATALYST = NO;
				SUPPORTS_MAC_DESIGNED_FOR_IPHONE_IPAD = NO;
				SUPPORTS_XR_DESIGNED_FOR_IPHONE_IPAD = NO;
				SWIFT_EMIT_LOC_STRINGS = YES;
				SWIFT_VERSION = 5.0;
				TARGETED_DEVICE_FAMILY = "1,2,7";
			};
			name = Release;
		};
		937D08FB2A4A504400A155BD /* Debug */ = {
			isa = XCBuildConfiguration;
			buildSettings = {
				ALWAYS_EMBED_SWIFT_STANDARD_LIBRARIES = YES;
				BUNDLE_LOADER = "$(TEST_HOST)";
				CODE_SIGN_STYLE = Automatic;
				CURRENT_PROJECT_VERSION = 1;
				DEVELOPMENT_TEAM = 7Y4TPNE48W;
				GENERATE_INFOPLIST_FILE = YES;
				MARKETING_VERSION = 1.0;
				PRODUCT_BUNDLE_IDENTIFIER = "com.iOS-Taipei.VisionOSPracticeTests";
				PRODUCT_NAME = "$(TARGET_NAME)";
				SUPPORTED_PLATFORMS = "xros xrsimulator";
				SWIFT_EMIT_LOC_STRINGS = NO;
				SWIFT_VERSION = 5.0;
				TARGETED_DEVICE_FAMILY = "1,2,7";
				TEST_HOST = "$(BUILT_PRODUCTS_DIR)/VisionOSPractice.app/$(BUNDLE_EXECUTABLE_FOLDER_PATH)/VisionOSPractice";
				XROS_DEPLOYMENT_TARGET = 1.0;
			};
			name = Debug;
		};
		937D08FC2A4A504400A155BD /* Release */ = {
			isa = XCBuildConfiguration;
			buildSettings = {
				ALWAYS_EMBED_SWIFT_STANDARD_LIBRARIES = YES;
				BUNDLE_LOADER = "$(TEST_HOST)";
				CODE_SIGN_STYLE = Automatic;
				CURRENT_PROJECT_VERSION = 1;
				DEVELOPMENT_TEAM = 7Y4TPNE48W;
				GENERATE_INFOPLIST_FILE = YES;
				MARKETING_VERSION = 1.0;
				PRODUCT_BUNDLE_IDENTIFIER = "com.iOS-Taipei.VisionOSPracticeTests";
				PRODUCT_NAME = "$(TARGET_NAME)";
				SUPPORTED_PLATFORMS = "xros xrsimulator";
				SWIFT_EMIT_LOC_STRINGS = NO;
				SWIFT_VERSION = 5.0;
				TARGETED_DEVICE_FAMILY = "1,2,7";
				TEST_HOST = "$(BUILT_PRODUCTS_DIR)/VisionOSPractice.app/$(BUNDLE_EXECUTABLE_FOLDER_PATH)/VisionOSPractice";
				XROS_DEPLOYMENT_TARGET = 1.0;
			};
			name = Release;
		};
/* End XCBuildConfiguration section */

/* Begin XCConfigurationList section */
		937D08D12A4A504300A155BD /* Build configuration list for PBXProject "VisionOSPractice" */ = {
			isa = XCConfigurationList;
			buildConfigurations = (
				937D08F52A4A504400A155BD /* Debug */,
				937D08F62A4A504400A155BD /* Release */,
			);
			defaultConfigurationIsVisible = 0;
			defaultConfigurationName = Release;
		};
		937D08F72A4A504400A155BD /* Build configuration list for PBXNativeTarget "VisionOSPractice" */ = {
			isa = XCConfigurationList;
			buildConfigurations = (
				937D08F82A4A504400A155BD /* Debug */,
				937D08F92A4A504400A155BD /* Release */,
			);
			defaultConfigurationIsVisible = 0;
			defaultConfigurationName = Release;
		};
		937D08FA2A4A504400A155BD /* Build configuration list for PBXNativeTarget "VisionOSPracticeTests" */ = {
			isa = XCConfigurationList;
			buildConfigurations = (
				937D08FB2A4A504400A155BD /* Debug */,
				937D08FC2A4A504400A155BD /* Release */,
			);
			defaultConfigurationIsVisible = 0;
			defaultConfigurationName = Release;
		};
/* End XCConfigurationList section */

/* Begin XCLocalSwiftPackageReference section */
		93CD49672A8A04AA00DFF412 /* XCLocalSwiftPackageReference "Packages/RealityKitContent" */ = {
			isa = XCLocalSwiftPackageReference;
			relativePath = Packages/RealityKitContent;
		};
/* End XCLocalSwiftPackageReference section */

/* Begin XCSwiftPackageProductDependency section */
		93CD49682A8A04AA00DFF412 /* RealityKitContent */ = {
			isa = XCSwiftPackageProductDependency;
			productName = RealityKitContent;
		};
/* End XCSwiftPackageProductDependency section */
	};
	rootObject = 937D08CE2A4A504300A155BD /* Project object */;
}
